
Microsoft Visual Studio Solution File, Format Version 12.00
# Visual Studio 15
VisualStudioVersion = 15.0.27130.2010
MinimumVisualStudioVersion = 10.0.40219.1
Project("{FAE04EC0-301F-11D3-BF4B-00C04F79EFBC}") = "Angular", "Angular\Angular.csproj", "{16592AE2-5330-49D7-ACE4-9FF830D4F2ED}"
EndProject
Project("{FAE04EC0-301F-11D3-BF4B-00C04F79EFBC}") = "NDK.ApplicationCore", "E:\PROJECT\git\NDK\NDK.ApplicationCore\NDK.ApplicationCore\NDK.ApplicationCore.csproj", "{DB073180-EE6A-409D-9A24-620E6443207D}"
EndProject
Project("{FAE04EC0-301F-11D3-BF4B-00C04F79EFBC}") = "ICB.Business", "E:\PROJECT\git\NDK\ICB-Website\ICB.Business\ICB.Business.csproj", "{1FF71339-E504-444B-AB19-20AA47B1C608}"
EndProject
Global
	GlobalSection(SolutionConfigurationPlatforms) = preSolution
		Debug|Any CPU = Debug|Any CPU
		Release|Any CPU = Release|Any CPU
	EndGlobalSection
	GlobalSection(ProjectConfigurationPlatforms) = postSolution
		{16592AE2-5330-49D7-ACE4-9FF830D4F2ED}.Debug|Any CPU.ActiveCfg = Debug|Any CPU
		{16592AE2-5330-49D7-ACE4-9FF830D4F2ED}.Debug|Any CPU.Build.0 = Debug|Any CPU
		{16592AE2-5330-49D7-ACE4-9FF830D4F2ED}.Release|Any CPU.ActiveCfg = Release|Any CPU
		{16592AE2-5330-49D7-ACE4-9FF830D4F2ED}.Release|Any CPU.Build.0 = Release|Any CPU
		{DB073180-EE6A-409D-9A24-620E6443207D}.Debug|Any CPU.ActiveCfg = Debug|Any CPU
		{DB073180-EE6A-409D-9A24-620E6443207D}.Debug|Any CPU.Build.0 = Debug|Any CPU
		{DB073180-EE6A-409D-9A24-620E6443207D}.Release|Any CPU.ActiveCfg = Release|Any CPU
		{DB073180-EE6A-409D-9A24-620E6443207D}.Release|Any CPU.Build.0 = Release|Any CPU
		{1FF71339-E504-444B-AB19-20AA47B1C608}.Debug|Any CPU.ActiveCfg = Debug|Any CPU
		{1FF71339-E504-444B-AB19-20AA47B1C608}.Debug|Any CPU.Build.0 = Debug|Any CPU
		{1FF71339-E504-444B-AB19-20AA47B1C608}.Release|Any CPU.ActiveCfg = Release|Any CPU
		{1FF71339-E504-444B-AB19-20AA47B1C608}.Release|Any CPU.Build.0 = Release|Any CPU
	EndGlobalSection
	GlobalSection(SolutionProperties) = preSolution
		HideSolutionNode = FALSE
	EndGlobalSection
	GlobalSection(ExtensibilityGlobals) = postSolution
		SolutionGuid = {E65876F7-1EDD-4996-A646-77B1A872CD9D}
	EndGlobalSection
EndGlobal
